
Microsoft Visual Studio Solution File, Format Version 12.00
# Visual Studio Version 16
VisualStudioVersion = 16.0.30907.101
MinimumVisualStudioVersion = 10.0.40219.1
Project("{FAE04EC0-301F-11D3-BF4B-00C04F79EFBC}") = "Rock_Paper_Scissors_Lizard_Spock", "Rock_Paper_Scissors_Lizard_Spock\Rock_Paper_Scissors_Lizard_Spock.csproj", "{F98BF828-F81E-4B3F-95F2-1EDF88CA16B2}"
EndProject
Global
	GlobalSection(SolutionConfigurationPlatforms) = preSolution
		Debug|Any CPU = Debug|Any CPU
		Release|Any CPU = Release|Any CPU
	EndGlobalSection
	GlobalSection(ProjectConfigurationPlatforms) = postSolution
		{F98BF828-F81E-4B3F-95F2-1EDF88CA16B2}.Debug|Any CPU.ActiveCfg = Debug|Any CPU
		{F98BF828-F81E-4B3F-95F2-1EDF88CA16B2}.Debug|Any CPU.Build.0 = Debug|Any CPU
		{F98BF828-F81E-4B3F-95F2-1EDF88CA16B2}.Release|Any CPU.ActiveCfg = Release|Any CPU
		{F98BF828-F81E-4B3F-95F2-1EDF88CA16B2}.Release|Any CPU.Build.0 = Release|Any CPU
	EndGlobalSection
	GlobalSection(SolutionProperties) = preSolution
		HideSolutionNode = FALSE
	EndGlobalSection
	GlobalSection(ExtensibilityGlobals) = postSolution
		SolutionGuid = {6A6BA4B8-1452-4A3E-ACC0-98B095B903BE}
	EndGlobalSection
EndGlobal
